// !$*UTF8*$!
{
	archiveVersion = 1;
	classes = {
	};
	objectVersion = 46;
	objects = {

/* Begin PBXBuildFile section */
		2656F8831E170EB700F6CD95 /* AppDelegate.swift in Sources */ = {isa = PBXBuildFile; fileRef = 2656F8821E170EB700F6CD95 /* AppDelegate.swift */; };
		2656F8851E170EB700F6CD95 /* ViewController.swift in Sources */ = {isa = PBXBuildFile; fileRef = 2656F8841E170EB700F6CD95 /* ViewController.swift */; };
		2656F8881E170EB700F6CD95 /* Main.storyboard in Resources */ = {isa = PBXBuildFile; fileRef = 2656F8861E170EB700F6CD95 /* Main.storyboard */; };
		2656F88A1E170EB700F6CD95 /* Assets.xcassets in Resources */ = {isa = PBXBuildFile; fileRef = 2656F8891E170EB700F6CD95 /* Assets.xcassets */; };
		2656F88D1E170EB700F6CD95 /* LaunchScreen.storyboard in Resources */ = {isa = PBXBuildFile; fileRef = 2656F88B1E170EB700F6CD95 /* LaunchScreen.storyboard */; };
		26AA62381E2168EC00C9D942 /* BGKLineChartView.framework in Frameworks */ = {isa = PBXBuildFile; fileRef = 26AA62371E2168D900C9D942 /* BGKLineChartView.framework */; };
		377E8CA21EE88476002C7B40 /* FuncTools.framework in Frameworks */ = {isa = PBXBuildFile; fileRef = 377E8CA11EE88476002C7B40 /* FuncTools.framework */; };
/* End PBXBuildFile section */

/* Begin PBXContainerItemProxy section */
		26AA62361E2168D900C9D942 /* PBXContainerItemProxy */ = {
			isa = PBXContainerItemProxy;
			containerPortal = 26AA62321E2168D900C9D942 /* BGKLineChartView.xcodeproj */;
			proxyType = 2;
			remoteGlobalIDString = 26990C9E1E1353D6004146D2;
			remoteInfo = BGKLineChartView;
		};
/* End PBXContainerItemProxy section */

/* Begin PBXCopyFilesBuildPhase section */
		2656F8991E170FDA00F6CD95 /* Embed Frameworks */ = {
			isa = PBXCopyFilesBuildPhase;
			buildActionMask = 2147483647;
			dstPath = "";
			dstSubfolderSpec = 10;
			files = (
			);
			name = "Embed Frameworks";
			runOnlyForDeploymentPostprocessing = 0;
		};
/* End PBXCopyFilesBuildPhase section */

/* Begin PBXFileReference section */
		2656F87F1E170EB700F6CD95 /* LineChartExample.app */ = {isa = PBXFileReference; explicitFileType = wrapper.application; includeInIndex = 0; path = LineChartExample.app; sourceTree = BUILT_PRODUCTS_DIR; };
		2656F8821E170EB700F6CD95 /* AppDelegate.swift */ = {isa = PBXFileReference; lastKnownFileType = sourcecode.swift; path = AppDelegate.swift; sourceTree = "<group>"; };
		2656F8841E170EB700F6CD95 /* ViewController.swift */ = {isa = PBXFileReference; lastKnownFileType = sourcecode.swift; path = ViewController.swift; sourceTree = "<group>"; };
		2656F8871E170EB700F6CD95 /* Base */ = {isa = PBXFileReference; lastKnownFileType = file.storyboard; name = Base; path = Base.lproj/Main.storyboard; sourceTree = "<group>"; };
		2656F8891E170EB700F6CD95 /* Assets.xcassets */ = {isa = PBXFileReference; lastKnownFileType = folder.assetcatalog; path = Assets.xcassets; sourceTree = "<group>"; };
		2656F88C1E170EB700F6CD95 /* Base */ = {isa = PBXFileReference; lastKnownFileType = file.storyboard; name = Base; path = Base.lproj/LaunchScreen.storyboard; sourceTree = "<group>"; };
		2656F88E1E170EB700F6CD95 /* Info.plist */ = {isa = PBXFileReference; lastKnownFileType = text.plist.xml; path = Info.plist; sourceTree = "<group>"; };
		26AA62321E2168D900C9D942 /* BGKLineChartView.xcodeproj */ = {isa = PBXFileReference; lastKnownFileType = "wrapper.pb-project"; name = BGKLineChartView.xcodeproj; path = ../BGKLineChartView.xcodeproj; sourceTree = "<group>"; };
		377E8CA11EE88476002C7B40 /* FuncTools.framework */ = {isa = PBXFileReference; lastKnownFileType = wrapper.framework; name = FuncTools.framework; path = ../Carthage/Build/iOS/FuncTools.framework; sourceTree = "<group>"; };
/* End PBXFileReference section */

/* Begin PBXFrameworksBuildPhase section */
		2656F87C1E170EB600F6CD95 /* Frameworks */ = {
			isa = PBXFrameworksBuildPhase;
			buildActionMask = 2147483647;
			files = (
				377E8CA21EE88476002C7B40 /* FuncTools.framework in Frameworks */,
				26AA62381E2168EC00C9D942 /* BGKLineChartView.framework in Frameworks */,
			);
			runOnlyForDeploymentPostprocessing = 0;
		};
/* End PBXFrameworksBuildPhase section */

/* Begin PBXGroup section */
		2656F8761E170EB600F6CD95 = {
			isa = PBXGroup;
			children = (
				26AA62321E2168D900C9D942 /* BGKLineChartView.xcodeproj */,
				2656F8811E170EB700F6CD95 /* LineChartExample */,
				2656F8801E170EB700F6CD95 /* Products */,
				377E8CA01EE88476002C7B40 /* Frameworks */,
			);
			sourceTree = "<group>";
		};
		2656F8801E170EB700F6CD95 /* Products */ = {
			isa = PBXGroup;
			children = (
				2656F87F1E170EB700F6CD95 /* LineChartExample.app */,
			);
			name = Products;
			sourceTree = "<group>";
		};
		2656F8811E170EB700F6CD95 /* LineChartExample */ = {
			isa = PBXGroup;
			children = (
				2656F8821E170EB700F6CD95 /* AppDelegate.swift */,
				2656F8841E170EB700F6CD95 /* ViewController.swift */,
				2656F8861E170EB700F6CD95 /* Main.storyboard */,
				2656F8891E170EB700F6CD95 /* Assets.xcassets */,
				2656F88B1E170EB700F6CD95 /* LaunchScreen.storyboard */,
				2656F88E1E170EB700F6CD95 /* Info.plist */,
			);
			path = LineChartExample;
			sourceTree = "<group>";
		};
		26AA62331E2168D900C9D942 /* Products */ = {
			isa = PBXGroup;
			children = (
				26AA62371E2168D900C9D942 /* BGKLineChartView.framework */,
			);
			name = Products;
			sourceTree = "<group>";
		};
		377E8CA01EE88476002C7B40 /* Frameworks */ = {
			isa = PBXGroup;
			children = (
				377E8CA11EE88476002C7B40 /* FuncTools.framework */,
			);
			name = Frameworks;
			sourceTree = "<group>";
		};
/* End PBXGroup section */

/* Begin PBXNativeTarget section */
		2656F87E1E170EB600F6CD95 /* LineChartExample */ = {
			isa = PBXNativeTarget;
			buildConfigurationList = 2656F8911E170EB700F6CD95 /* Build configuration list for PBXNativeTarget "LineChartExample" */;
			buildPhases = (
				2656F87B1E170EB600F6CD95 /* Sources */,
				2656F87C1E170EB600F6CD95 /* Frameworks */,
				2656F87D1E170EB600F6CD95 /* Resources */,
				2656F8991E170FDA00F6CD95 /* Embed Frameworks */,
			);
			buildRules = (
			);
			dependencies = (
			);
			name = LineChartExample;
			productName = LineChartExample;
			productReference = 2656F87F1E170EB700F6CD95 /* LineChartExample.app */;
			productType = "com.apple.product-type.application";
		};
/* End PBXNativeTarget section */

/* Begin PBXProject section */
		2656F8771E170EB600F6CD95 /* Project object */ = {
			isa = PBXProject;
			attributes = {
				LastSwiftUpdateCheck = 0820;
				LastUpgradeCheck = 0820;
				ORGANIZATIONNAME = "Brenden Konnagan";
				TargetAttributes = {
					2656F87E1E170EB600F6CD95 = {
						CreatedOnToolsVersion = 8.2.1;
						DevelopmentTeam = JVV56LA836;
						ProvisioningStyle = Automatic;
					};
				};
			};
			buildConfigurationList = 2656F87A1E170EB600F6CD95 /* Build configuration list for PBXProject "LineChartExample" */;
			compatibilityVersion = "Xcode 3.2";
			developmentRegion = English;
			hasScannedForEncodings = 0;
			knownRegions = (
				en,
				Base,
			);
			mainGroup = 2656F8761E170EB600F6CD95;
			productRefGroup = 2656F8801E170EB700F6CD95 /* Products */;
			projectDirPath = "";
			projectReferences = (
				{
					ProductGroup = 26AA62331E2168D900C9D942 /* Products */;
					ProjectRef = 26AA62321E2168D900C9D942 /* BGKLineChartView.xcodeproj */;
				},
			);
			projectRoot = "";
			targets = (
				2656F87E1E170EB600F6CD95 /* LineChartExample */,
			);
		};
/* End PBXProject section */

/* Begin PBXReferenceProxy section */
		26AA62371E2168D900C9D942 /* BGKLineChartView.framework */ = {
			isa = PBXReferenceProxy;
			fileType = wrapper.framework;
			path = BGKLineChartView.framework;
			remoteRef = 26AA62361E2168D900C9D942 /* PBXContainerItemProxy */;
			sourceTree = BUILT_PRODUCTS_DIR;
		};
/* End PBXReferenceProxy section */

/* Begin PBXResourcesBuildPhase section */
		2656F87D1E170EB600F6CD95 /* Resources */ = {
			isa = PBXResourcesBuildPhase;
			buildActionMask = 2147483647;
			files = (
				2656F88D1E170EB700F6CD95 /* LaunchScreen.storyboard in Resources */,
				2656F88A1E170EB700F6CD95 /* Assets.xcassets in Resources */,
				2656F8881E170EB700F6CD95 /* Main.storyboard in Resources */,
			);
			runOnlyForDeploymentPostprocessing = 0;
		};
/* End PBXResourcesBuildPhase section */

/* Begin PBXSourcesBuildPhase section */
		2656F87B1E170EB600F6CD95 /* Sources */ = {
			isa = PBXSourcesBuildPhase;
			buildActionMask = 2147483647;
			files = (
				2656F8851E170EB700F6CD95 /* ViewController.swift in Sources */,
				2656F8831E170EB700F6CD95 /* AppDelegate.swift in Sources */,
			);
			runOnlyForDeploymentPostprocessing = 0;
		};
/* End PBXSourcesBuildPhase section */

/* Begin PBXVariantGroup section */
		2656F8861E170EB700F6CD95 /* Main.storyboard */ = {
			isa = PBXVariantGroup;
			children = (
				2656F8871E170EB700F6CD95 /* Base */,
			);
			name = Main.storyboard;
			sourceTree = "<group>";
		};
		2656F88B1E170EB700F6CD95 /* LaunchScreen.storyboard */ = {
			isa = PBXVariantGroup;
			children = (
				2656F88C1E170EB700F6CD95 /* Base */,
			);
			name = LaunchScreen.storyboard;
			sourceTree = "<group>";
		};
/* End PBXVariantGroup section */

/* Begin XCBuildConfiguration section */
		2656F88F1E170EB700F6CD95 /* Debug */ = {
			isa = XCBuildConfiguration;
			buildSettings = {
				ALWAYS_SEARCH_USER_PATHS = NO;
				CLANG_ANALYZER_NONNULL = YES;
				CLANG_CXX_LANGUAGE_STANDARD = "gnu++0x";
				CLANG_CXX_LIBRARY = "libc++";
				CLANG_ENABLE_MODULES = YES;
				CLANG_ENABLE_OBJC_ARC = YES;
				CLANG_WARN_BOOL_CONVERSION = YES;
				CLANG_WARN_CONSTANT_CONVERSION = YES;
				CLANG_WARN_DIRECT_OBJC_ISA_USAGE = YES_ERROR;
				CLANG_WARN_DOCUMENTATION_COMMENTS = YES;
				CLANG_WARN_EMPTY_BODY = YES;
				CLANG_WARN_ENUM_CONVERSION = YES;
				CLANG_WARN_INFINITE_RECURSION = YES;
				CLANG_WARN_INT_CONVERSION = YES;
				CLANG_WARN_OBJC_ROOT_CLASS = YES_ERROR;
				CLANG_WARN_SUSPICIOUS_MOVE = YES;
				CLANG_WARN_UNREACHABLE_CODE = YES;
				CLANG_WARN__DUPLICATE_METHOD_MATCH = YES;
				"CODE_SIGN_IDENTITY[sdk=iphoneos*]" = "iPhone Developer";
				COPY_PHASE_STRIP = NO;
				DEBUG_INFORMATION_FORMAT = dwarf;
				ENABLE_STRICT_OBJC_MSGSEND = YES;
				ENABLE_TESTABILITY = YES;
				GCC_C_LANGUAGE_STANDARD = gnu99;
				GCC_DYNAMIC_NO_PIC = NO;
				GCC_NO_COMMON_BLOCKS = YES;
				GCC_OPTIMIZATION_LEVEL = 0;
				GCC_PREPROCESSOR_DEFINITIONS = (
					"DEBUG=1",
					"$(inherited)",
				);
				GCC_WARN_64_TO_32_BIT_CONVERSION = YES;
				GCC_WARN_ABOUT_RETURN_TYPE = YES_ERROR;
				GCC_WARN_UNDECLARED_SELECTOR = YES;
				GCC_WARN_UNINITIALIZED_AUTOS = YES_AGGRESSIVE;
				GCC_WARN_UNUSED_FUNCTION = YES;
				GCC_WARN_UNUSED_VARIABLE = YES;
				IPHONEOS_DEPLOYMENT_TARGET = 10.2;
				MTL_ENABLE_DEBUG_INFO = YES;
				ONLY_ACTIVE_ARCH = YES;
				SDKROOT = iphoneos;
				SWIFT_ACTIVE_COMPILATION_CONDITIONS = DEBUG;
				SWIFT_OPTIMIZATION_LEVEL = "-Onone";
				TARGETED_DEVICE_FAMILY = "1,2";
			};
			name = Debug;
		};
		2656F8901E170EB700F6CD95 /* Release */ = {
			isa = XCBuildConfiguration;
			buildSettings = {
				ALWAYS_SEARCH_USER_PATHS = NO;
				CLANG_ANALYZER_NONNULL = YES;
				CLANG_CXX_LANGUAGE_STANDARD = "gnu++0x";
				CLANG_CXX_LIBRARY = "libc++";
				CLANG_ENABLE_MODULES = YES;
				CLANG_ENABLE_OBJC_ARC = YES;
				CLANG_WARN_BOOL_CONVERSION = YES;
				CLANG_WARN_CONSTANT_CONVERSION = YES;
				CLANG_WARN_DIRECT_OBJC_ISA_USAGE = YES_ERROR;
				CLANG_WARN_DOCUMENTATION_COMMENTS = YES;
				CLANG_WARN_EMPTY_BODY = YES;
				CLANG_WARN_ENUM_CONVERSION = YES;
				CLANG_WARN_INFINITE_RECURSION = YES;
				CLANG_WARN_INT_CONVERSION = YES;
				CLANG_WARN_OBJC_ROOT_CLASS = YES_ERROR;
				CLANG_WARN_SUSPICIOUS_MOVE = YES;
				CLANG_WARN_UNREACHABLE_CODE = YES;
				CLANG_WARN__DUPLICATE_METHOD_MATCH = YES;
				"CODE_SIGN_IDENTITY[sdk=iphoneos*]" = "iPhone Developer";
				COPY_PHASE_STRIP = NO;
				DEBUG_INFORMATION_FORMAT = "dwarf-with-dsym";
				ENABLE_NS_ASSERTIONS = NO;
				ENABLE_STRICT_OBJC_MSGSEND = YES;
				GCC_C_LANGUAGE_STANDARD = gnu99;
				GCC_NO_COMMON_BLOCKS = YES;
				GCC_WARN_64_TO_32_BIT_CONVERSION = YES;
				GCC_WARN_ABOUT_RETURN_TYPE = YES_ERROR;
				GCC_WARN_UNDECLARED_SELECTOR = YES;
				GCC_WARN_UNINITIALIZED_AUTOS = YES_AGGRESSIVE;
				GCC_WARN_UNUSED_FUNCTION = YES;
				GCC_WARN_UNUSED_VARIABLE = YES;
				IPHONEOS_DEPLOYMENT_TARGET = 10.2;
				MTL_ENABLE_DEBUG_INFO = NO;
				SDKROOT = iphoneos;
				SWIFT_OPTIMIZATION_LEVEL = "-Owholemodule";
				TARGETED_DEVICE_FAMILY = "1,2";
				VALIDATE_PRODUCT = YES;
			};
			name = Release;
		};
		2656F8921E170EB700F6CD95 /* Debug */ = {
			isa = XCBuildConfiguration;
			buildSettings = {
				ASSETCATALOG_COMPILER_APPICON_NAME = AppIcon;
				DEVELOPMENT_TEAM = JVV56LA836;
				FRAMEWORK_SEARCH_PATHS = (
					"$(inherited)",
					/Users/dan/Repos/BGKlineChartView/Carthage/Build/iOS,
				);
				INFOPLIST_FILE = LineChartExample/Info.plist;
				LD_RUNPATH_SEARCH_PATHS = "$(inherited) @executable_path/Frameworks";
				PRODUCT_BUNDLE_IDENTIFIER = com.bgk.LineChartExample;
				PRODUCT_NAME = "$(TARGET_NAME)";
				SWIFT_VERSION = 3.0;
			};
			name = Debug;
		};
		2656F8931E170EB700F6CD95 /* Release */ = {
			isa = XCBuildConfiguration;
			buildSettings = {
				ASSETCATALOG_COMPILER_APPICON_NAME = AppIcon;
				DEVELOPMENT_TEAM = JVV56LA836;
				FRAMEWORK_SEARCH_PATHS = (
					"$(inherited)",
					/Users/dan/Repos/BGKlineChartView/Carthage/Build/iOS,
				);
				INFOPLIST_FILE = LineChartExample/Info.plist;
				LD_RUNPATH_SEARCH_PATHS = "$(inherited) @executable_path/Frameworks";
				PRODUCT_BUNDLE_IDENTIFIER = com.bgk.LineChartExample;
				PRODUCT_NAME = "$(TARGET_NAME)";
				SWIFT_VERSION = 3.0;
			};
			name = Release;
		};
/* End XCBuildConfiguration section */

/* Begin XCConfigurationList section */
		2656F87A1E170EB600F6CD95 /* Build configuration list for PBXProject "LineChartExample" */ = {
			isa = XCConfigurationList;
			buildConfigurations = (
				2656F88F1E170EB700F6CD95 /* Debug */,
				2656F8901E170EB700F6CD95 /* Release */,
			);
			defaultConfigurationIsVisible = 0;
			defaultConfigurationName = Release;
		};
		2656F8911E170EB700F6CD95 /* Build configuration list for PBXNativeTarget "LineChartExample" */ = {
			isa = XCConfigurationList;
			buildConfigurations = (
				2656F8921E170EB700F6CD95 /* Debug */,
				2656F8931E170EB700F6CD95 /* Release */,
			);
			defaultConfigurationIsVisible = 0;
			defaultConfigurationName = Release;
		};
/* End XCConfigurationList section */
	};
	rootObject = 2656F8771E170EB600F6CD95 /* Project object */;
}
